// !$*UTF8*$!
{
	archiveVersion = 1;
	classes = {
	};
	objectVersion = 56;
	objects = {

/* Begin PBXBuildFile section */
		520D59232B4EE25E00BC005B /* AppDelegate.swift in Sources */ = {isa = PBXBuildFile; fileRef = 520D59222B4EE25E00BC005B /* AppDelegate.swift */; };
		520D59252B4EE25E00BC005B /* SceneDelegate.swift in Sources */ = {isa = PBXBuildFile; fileRef = 520D59242B4EE25E00BC005B /* SceneDelegate.swift */; };
		520D59272B4EE25E00BC005B /* ViewController.swift in Sources */ = {isa = PBXBuildFile; fileRef = 520D59262B4EE25E00BC005B /* ViewController.swift */; };
		520D592A2B4EE25E00BC005B /* Main.storyboard in Resources */ = {isa = PBXBuildFile; fileRef = 520D59282B4EE25E00BC005B /* Main.storyboard */; };
		520D592C2B4EE26000BC005B /* Assets.xcassets in Resources */ = {isa = PBXBuildFile; fileRef = 520D592B2B4EE26000BC005B /* Assets.xcassets */; };
		520D592F2B4EE26000BC005B /* LaunchScreen.storyboard in Resources */ = {isa = PBXBuildFile; fileRef = 520D592D2B4EE26000BC005B /* LaunchScreen.storyboard */; };
		520D593A2B4EE26100BC005B /* AutoLayoutTests.swift in Sources */ = {isa = PBXBuildFile; fileRef = 520D59392B4EE26100BC005B /* AutoLayoutTests.swift */; };
		520D59442B4EE26100BC005B /* AutoLayoutUITests.swift in Sources */ = {isa = PBXBuildFile; fileRef = 520D59432B4EE26100BC005B /* AutoLayoutUITests.swift */; };
		520D59462B4EE26100BC005B /* AutoLayoutUITestsLaunchTests.swift in Sources */ = {isa = PBXBuildFile; fileRef = 520D59452B4EE26100BC005B /* AutoLayoutUITestsLaunchTests.swift */; };
/* End PBXBuildFile section */

/* Begin PBXContainerItemProxy section */
		520D59362B4EE26100BC005B /* PBXContainerItemProxy */ = {
			isa = PBXContainerItemProxy;
			containerPortal = 520D59172B4EE25E00BC005B /* Project object */;
			proxyType = 1;
			remoteGlobalIDString = 520D591E2B4EE25E00BC005B;
			remoteInfo = AutoLayout;
		};
		520D59402B4EE26100BC005B /* PBXContainerItemProxy */ = {
			isa = PBXContainerItemProxy;
			containerPortal = 520D59172B4EE25E00BC005B /* Project object */;
			proxyType = 1;
			remoteGlobalIDString = 520D591E2B4EE25E00BC005B;
			remoteInfo = AutoLayout;
		};
/* End PBXContainerItemProxy section */

/* Begin PBXFileReference section */
		520D591F2B4EE25E00BC005B /* AutoLayout.app */ = {isa = PBXFileReference; explicitFileType = wrapper.application; includeInIndex = 0; path = AutoLayout.app; sourceTree = BUILT_PRODUCTS_DIR; };
		520D59222B4EE25E00BC005B /* AppDelegate.swift */ = {isa = PBXFileReference; lastKnownFileType = sourcecode.swift; path = AppDelegate.swift; sourceTree = "<group>"; };
		520D59242B4EE25E00BC005B /* SceneDelegate.swift */ = {isa = PBXFileReference; lastKnownFileType = sourcecode.swift; path = SceneDelegate.swift; sourceTree = "<group>"; };
		520D59262B4EE25E00BC005B /* ViewController.swift */ = {isa = PBXFileReference; lastKnownFileType = sourcecode.swift; path = ViewController.swift; sourceTree = "<group>"; };
		520D59292B4EE25E00BC005B /* Base */ = {isa = PBXFileReference; lastKnownFileType = file.storyboard; name = Base; path = Base.lproj/Main.storyboard; sourceTree = "<group>"; };
		520D592B2B4EE26000BC005B /* Assets.xcassets */ = {isa = PBXFileReference; lastKnownFileType = folder.assetcatalog; path = Assets.xcassets; sourceTree = "<group>"; };
		520D592E2B4EE26000BC005B /* Base */ = {isa = PBXFileReference; lastKnownFileType = file.storyboard; name = Base; path = Base.lproj/LaunchScreen.storyboard; sourceTree = "<group>"; };
		520D59302B4EE26000BC005B /* Info.plist */ = {isa = PBXFileReference; lastKnownFileType = text.plist.xml; path = Info.plist; sourceTree = "<group>"; };
		520D59352B4EE26100BC005B /* AutoLayoutTests.xctest */ = {isa = PBXFileReference; explicitFileType = wrapper.cfbundle; includeInIndex = 0; path = AutoLayoutTests.xctest; sourceTree = BUILT_PRODUCTS_DIR; };
		520D59392B4EE26100BC005B /* AutoLayoutTests.swift */ = {isa = PBXFileReference; lastKnownFileType = sourcecode.swift; path = AutoLayoutTests.swift; sourceTree = "<group>"; };
		520D593F2B4EE26100BC005B /* AutoLayoutUITests.xctest */ = {isa = PBXFileReference; explicitFileType = wrapper.cfbundle; includeInIndex = 0; path = AutoLayoutUITests.xctest; sourceTree = BUILT_PRODUCTS_DIR; };
		520D59432B4EE26100BC005B /* AutoLayoutUITests.swift */ = {isa = PBXFileReference; lastKnownFileType = sourcecode.swift; path = AutoLayoutUITests.swift; sourceTree = "<group>"; };
		520D59452B4EE26100BC005B /* AutoLayoutUITestsLaunchTests.swift */ = {isa = PBXFileReference; lastKnownFileType = sourcecode.swift; path = AutoLayoutUITestsLaunchTests.swift; sourceTree = "<group>"; };
/* End PBXFileReference section */

/* Begin PBXFrameworksBuildPhase section */
		520D591C2B4EE25E00BC005B /* Frameworks */ = {
			isa = PBXFrameworksBuildPhase;
			buildActionMask = 2147483647;
			files = (
			);
			runOnlyForDeploymentPostprocessing = 0;
		};
		520D59322B4EE26100BC005B /* Frameworks */ = {
			isa = PBXFrameworksBuildPhase;
			buildActionMask = 2147483647;
			files = (
			);
			runOnlyForDeploymentPostprocessing = 0;
		};
		520D593C2B4EE26100BC005B /* Frameworks */ = {
			isa = PBXFrameworksBuildPhase;
			buildActionMask = 2147483647;
			files = (
			);
			runOnlyForDeploymentPostprocessing = 0;
		};
/* End PBXFrameworksBuildPhase section */

/* Begin PBXGroup section */
		520D59162B4EE25E00BC005B = {
			isa = PBXGroup;
			children = (
				520D59212B4EE25E00BC005B /* AutoLayout */,
				520D59382B4EE26100BC005B /* AutoLayoutTests */,
				520D59422B4EE26100BC005B /* AutoLayoutUITests */,
				520D59202B4EE25E00BC005B /* Products */,
			);
			sourceTree = "<group>";
		};
		520D59202B4EE25E00BC005B /* Products */ = {
			isa = PBXGroup;
			children = (
				520D591F2B4EE25E00BC005B /* AutoLayout.app */,
				520D59352B4EE26100BC005B /* AutoLayoutTests.xctest */,
				520D593F2B4EE26100BC005B /* AutoLayoutUITests.xctest */,
			);
			name = Products;
			sourceTree = "<group>";
		};
		520D59212B4EE25E00BC005B /* AutoLayout */ = {
			isa = PBXGroup;
			children = (
				520D59222B4EE25E00BC005B /* AppDelegate.swift */,
				520D59242B4EE25E00BC005B /* SceneDelegate.swift */,
				520D59262B4EE25E00BC005B /* ViewController.swift */,
				520D59282B4EE25E00BC005B /* Main.storyboard */,
				520D592B2B4EE26000BC005B /* Assets.xcassets */,
				520D592D2B4EE26000BC005B /* LaunchScreen.storyboard */,
				520D59302B4EE26000BC005B /* Info.plist */,
			);
			path = AutoLayout;
			sourceTree = "<group>";
		};
		520D59382B4EE26100BC005B /* AutoLayoutTests */ = {
			isa = PBXGroup;
			children = (
				520D59392B4EE26100BC005B /* AutoLayoutTests.swift */,
			);
			path = AutoLayoutTests;
			sourceTree = "<group>";
		};
		520D59422B4EE26100BC005B /* AutoLayoutUITests */ = {
			isa = PBXGroup;
			children = (
				520D59432B4EE26100BC005B /* AutoLayoutUITests.swift */,
				520D59452B4EE26100BC005B /* AutoLayoutUITestsLaunchTests.swift */,
			);
			path = AutoLayoutUITests;
			sourceTree = "<group>";
		};
/* End PBXGroup section */

/* Begin PBXNativeTarget section */
		520D591E2B4EE25E00BC005B /* AutoLayout */ = {
			isa = PBXNativeTarget;
			buildConfigurationList = 520D59492B4EE26100BC005B /* Build configuration list for PBXNativeTarget "AutoLayout" */;
			buildPhases = (
				520D591B2B4EE25E00BC005B /* Sources */,
				520D591C2B4EE25E00BC005B /* Frameworks */,
				520D591D2B4EE25E00BC005B /* Resources */,
			);
			buildRules = (
			);
			dependencies = (
			);
			name = AutoLayout;
			productName = AutoLayout;
			productReference = 520D591F2B4EE25E00BC005B /* AutoLayout.app */;
			productType = "com.apple.product-type.application";
		};
		520D59342B4EE26100BC005B /* AutoLayoutTests */ = {
			isa = PBXNativeTarget;
			buildConfigurationList = 520D594C2B4EE26100BC005B /* Build configuration list for PBXNativeTarget "AutoLayoutTests" */;
			buildPhases = (
				520D59312B4EE26100BC005B /* Sources */,
				520D59322B4EE26100BC005B /* Frameworks */,
				520D59332B4EE26100BC005B /* Resources */,
			);
			buildRules = (
			);
			dependencies = (
				520D59372B4EE26100BC005B /* PBXTargetDependency */,
			);
			name = AutoLayoutTests;
			productName = AutoLayoutTests;
			productReference = 520D59352B4EE26100BC005B /* AutoLayoutTests.xctest */;
			productType = "com.apple.product-type.bundle.unit-test";
		};
		520D593E2B4EE26100BC005B /* AutoLayoutUITests */ = {
			isa = PBXNativeTarget;
			buildConfigurationList = 520D594F2B4EE26100BC005B /* Build configuration list for PBXNativeTarget "AutoLayoutUITests" */;
			buildPhases = (
				520D593B2B4EE26100BC005B /* Sources */,
				520D593C2B4EE26100BC005B /* Frameworks */,
				520D593D2B4EE26100BC005B /* Resources */,
			);
			buildRules = (
			);
			dependencies = (
				520D59412B4EE26100BC005B /* PBXTargetDependency */,
			);
			name = AutoLayoutUITests;
			productName = AutoLayoutUITests;
			productReference = 520D593F2B4EE26100BC005B /* AutoLayoutUITests.xctest */;
			productType = "com.apple.product-type.bundle.ui-testing";
		};
/* End PBXNativeTarget section */

/* Begin PBXProject section */
		520D59172B4EE25E00BC005B /* Project object */ = {
			isa = PBXProject;
			attributes = {
				BuildIndependentTargetsInParallel = 1;
				LastSwiftUpdateCheck = 1520;
				LastUpgradeCheck = 1520;
				TargetAttributes = {
					520D591E2B4EE25E00BC005B = {
						CreatedOnToolsVersion = 15.2;
					};
					520D59342B4EE26100BC005B = {
						CreatedOnToolsVersion = 15.2;
						TestTargetID = 520D591E2B4EE25E00BC005B;
					};
					520D593E2B4EE26100BC005B = {
						CreatedOnToolsVersion = 15.2;
						TestTargetID = 520D591E2B4EE25E00BC005B;
					};
				};
			};
			buildConfigurationList = 520D591A2B4EE25E00BC005B /* Build configuration list for PBXProject "AutoLayout" */;
			compatibilityVersion = "Xcode 14.0";
			developmentRegion = en;
			hasScannedForEncodings = 0;
			knownRegions = (
				en,
				Base,
			);
			mainGroup = 520D59162B4EE25E00BC005B;
			productRefGroup = 520D59202B4EE25E00BC005B /* Products */;
			projectDirPath = "";
			projectRoot = "";
			targets = (
				520D591E2B4EE25E00BC005B /* AutoLayout */,
				520D59342B4EE26100BC005B /* AutoLayoutTests */,
				520D593E2B4EE26100BC005B /* AutoLayoutUITests */,
			);
		};
/* End PBXProject section */

/* Begin PBXResourcesBuildPhase section */
		520D591D2B4EE25E00BC005B /* Resources */ = {
			isa = PBXResourcesBuildPhase;
			buildActionMask = 2147483647;
			files = (
				520D592F2B4EE26000BC005B /* LaunchScreen.storyboard in Resources */,
				520D592C2B4EE26000BC005B /* Assets.xcassets in Resources */,
				520D592A2B4EE25E00BC005B /* Main.storyboard in Resources */,
			);
			runOnlyForDeploymentPostprocessing = 0;
		};
		520D59332B4EE26100BC005B /* Resources */ = {
			isa = PBXResourcesBuildPhase;
			buildActionMask = 2147483647;
			files = (
			);
			runOnlyForDeploymentPostprocessing = 0;
		};
		520D593D2B4EE26100BC005B /* Resources */ = {
			isa = PBXResourcesBuildPhase;
			buildActionMask = 2147483647;
			files = (
			);
			runOnlyForDeploymentPostprocessing = 0;
		};
/* End PBXResourcesBuildPhase section */

/* Begin PBXSourcesBuildPhase section */
		520D591B2B4EE25E00BC005B /* Sources */ = {
			isa = PBXSourcesBuildPhase;
			buildActionMask = 2147483647;
			files = (
				520D59272B4EE25E00BC005B /* ViewController.swift in Sources */,
				520D59232B4EE25E00BC005B /* AppDelegate.swift in Sources */,
				520D59252B4EE25E00BC005B /* SceneDelegate.swift in Sources */,
			);
			runOnlyForDeploymentPostprocessing = 0;
		};
		520D59312B4EE26100BC005B /* Sources */ = {
			isa = PBXSourcesBuildPhase;
			buildActionMask = 2147483647;
			files = (
				520D593A2B4EE26100BC005B /* AutoLayoutTests.swift in Sources */,
			);
			runOnlyForDeploymentPostprocessing = 0;
		};
		520D593B2B4EE26100BC005B /* Sources */ = {
			isa = PBXSourcesBuildPhase;
			buildActionMask = 2147483647;
			files = (
				520D59442B4EE26100BC005B /* AutoLayoutUITests.swift in Sources */,
				520D59462B4EE26100BC005B /* AutoLayoutUITestsLaunchTests.swift in Sources */,
			);
			runOnlyForDeploymentPostprocessing = 0;
		};
/* End PBXSourcesBuildPhase section */

/* Begin PBXTargetDependency section */
		520D59372B4EE26100BC005B /* PBXTargetDependency */ = {
			isa = PBXTargetDependency;
			target = 520D591E2B4EE25E00BC005B /* AutoLayout */;
			targetProxy = 520D59362B4EE26100BC005B /* PBXContainerItemProxy */;
		};
		520D59412B4EE26100BC005B /* PBXTargetDependency */ = {
			isa = PBXTargetDependency;
			target = 520D591E2B4EE25E00BC005B /* AutoLayout */;
			targetProxy = 520D59402B4EE26100BC005B /* PBXContainerItemProxy */;
		};
/* End PBXTargetDependency section */

/* Begin PBXVariantGroup section */
		520D59282B4EE25E00BC005B /* Main.storyboard */ = {
			isa = PBXVariantGroup;
			children = (
				520D59292B4EE25E00BC005B /* Base */,
			);
			name = Main.storyboard;
			sourceTree = "<group>";
		};
		520D592D2B4EE26000BC005B /* LaunchScreen.storyboard */ = {
			isa = PBXVariantGroup;
			children = (
				520D592E2B4EE26000BC005B /* Base */,
			);
			name = LaunchScreen.storyboard;
			sourceTree = "<group>";
		};
/* End PBXVariantGroup section */

/* Begin XCBuildConfiguration section */
		520D59472B4EE26100BC005B /* Debug */ = {
			isa = XCBuildConfiguration;
			buildSettings = {
				ALWAYS_SEARCH_USER_PATHS = NO;
				ASSETCATALOG_COMPILER_GENERATE_SWIFT_ASSET_SYMBOL_EXTENSIONS = YES;
				CLANG_ANALYZER_NONNULL = YES;
				CLANG_ANALYZER_NUMBER_OBJECT_CONVERSION = YES_AGGRESSIVE;
				CLANG_CXX_LANGUAGE_STANDARD = "gnu++20";
				CLANG_ENABLE_MODULES = YES;
				CLANG_ENABLE_OBJC_ARC = YES;
				CLANG_ENABLE_OBJC_WEAK = YES;
				CLANG_WARN_BLOCK_CAPTURE_AUTORELEASING = YES;
				CLANG_WARN_BOOL_CONVERSION = YES;
				CLANG_WARN_COMMA = YES;
				CLANG_WARN_CONSTANT_CONVERSION = YES;
				CLANG_WARN_DEPRECATED_OBJC_IMPLEMENTATIONS = YES;
				CLANG_WARN_DIRECT_OBJC_ISA_USAGE = YES_ERROR;
				CLANG_WARN_DOCUMENTATION_COMMENTS = YES;
				CLANG_WARN_EMPTY_BODY = YES;
				CLANG_WARN_ENUM_CONVERSION = YES;
				CLANG_WARN_INFINITE_RECURSION = YES;
				CLANG_WARN_INT_CONVERSION = YES;
				CLANG_WARN_NON_LITERAL_NULL_CONVERSION = YES;
				CLANG_WARN_OBJC_IMPLICIT_RETAIN_SELF = YES;
				CLANG_WARN_OBJC_LITERAL_CONVERSION = YES;
				CLANG_WARN_OBJC_ROOT_CLASS = YES_ERROR;
				CLANG_WARN_QUOTED_INCLUDE_IN_FRAMEWORK_HEADER = YES;
				CLANG_WARN_RANGE_LOOP_ANALYSIS = YES;
				CLANG_WARN_STRICT_PROTOTYPES = YES;
				CLANG_WARN_SUSPICIOUS_MOVE = YES;
				CLANG_WARN_UNGUARDED_AVAILABILITY = YES_AGGRESSIVE;
				CLANG_WARN_UNREACHABLE_CODE = YES;
				CLANG_WARN__DUPLICATE_METHOD_MATCH = YES;
				COPY_PHASE_STRIP = NO;
				DEBUG_INFORMATION_FORMAT = dwarf;
				ENABLE_STRICT_OBJC_MSGSEND = YES;
				ENABLE_TESTABILITY = YES;
				ENABLE_USER_SCRIPT_SANDBOXING = YES;
				GCC_C_LANGUAGE_STANDARD = gnu17;
				GCC_DYNAMIC_NO_PIC = NO;
				GCC_NO_COMMON_BLOCKS = YES;
				GCC_OPTIMIZATION_LEVEL = 0;
				GCC_PREPROCESSOR_DEFINITIONS = (
					"DEBUG=1",
					"$(inherited)",
				);
				GCC_WARN_64_TO_32_BIT_CONVERSION = YES;
				GCC_WARN_ABOUT_RETURN_TYPE = YES_ERROR;
				GCC_WARN_UNDECLARED_SELECTOR = YES;
				GCC_WARN_UNINITIALIZED_AUTOS = YES_AGGRESSIVE;
				GCC_WARN_UNUSED_FUNCTION = YES;
				GCC_WARN_UNUSED_VARIABLE = YES;
				IPHONEOS_DEPLOYMENT_TARGET = 17.2;
				LOCALIZATION_PREFERS_STRING_CATALOGS = YES;
				MTL_ENABLE_DEBUG_INFO = INCLUDE_SOURCE;
				MTL_FAST_MATH = YES;
				ONLY_ACTIVE_ARCH = YES;
				SDKROOT = iphoneos;
				SWIFT_ACTIVE_COMPILATION_CONDITIONS = "DEBUG $(inherited)";
				SWIFT_OPTIMIZATION_LEVEL = "-Onone";
			};
			name = Debug;
		};
		520D59482B4EE26100BC005B /* Release */ = {
			isa = XCBuildConfiguration;
			buildSettings = {
				ALWAYS_SEARCH_USER_PATHS = NO;
				ASSETCATALOG_COMPILER_GENERATE_SWIFT_ASSET_SYMBOL_EXTENSIONS = YES;
				CLANG_ANALYZER_NONNULL = YES;
				CLANG_ANALYZER_NUMBER_OBJECT_CONVERSION = YES_AGGRESSIVE;
				CLANG_CXX_LANGUAGE_STANDARD = "gnu++20";
				CLANG_ENABLE_MODULES = YES;
				CLANG_ENABLE_OBJC_ARC = YES;
				CLANG_ENABLE_OBJC_WEAK = YES;
				CLANG_WARN_BLOCK_CAPTURE_AUTORELEASING = YES;
				CLANG_WARN_BOOL_CONVERSION = YES;
				CLANG_WARN_COMMA = YES;
				CLANG_WARN_CONSTANT_CONVERSION = YES;
				CLANG_WARN_DEPRECATED_OBJC_IMPLEMENTATIONS = YES;
				CLANG_WARN_DIRECT_OBJC_ISA_USAGE = YES_ERROR;
				CLANG_WARN_DOCUMENTATION_COMMENTS = YES;
				CLANG_WARN_EMPTY_BODY = YES;
				CLANG_WARN_ENUM_CONVERSION = YES;
				CLANG_WARN_INFINITE_RECURSION = YES;
				CLANG_WARN_INT_CONVERSION = YES;
				CLANG_WARN_NON_LITERAL_NULL_CONVERSION = YES;
				CLANG_WARN_OBJC_IMPLICIT_RETAIN_SELF = YES;
				CLANG_WARN_OBJC_LITERAL_CONVERSION = YES;
				CLANG_WARN_OBJC_ROOT_CLASS = YES_ERROR;
				CLANG_WARN_QUOTED_INCLUDE_IN_FRAMEWORK_HEADER = YES;
				CLANG_WARN_RANGE_LOOP_ANALYSIS = YES;
				CLANG_WARN_STRICT_PROTOTYPES = YES;
				CLANG_WARN_SUSPICIOUS_MOVE = YES;
				CLANG_WARN_UNGUARDED_AVAILABILITY = YES_AGGRESSIVE;
				CLANG_WARN_UNREACHABLE_CODE = YES;
				CLANG_WARN__DUPLICATE_METHOD_MATCH = YES;
				COPY_PHASE_STRIP = NO;
				DEBUG_INFORMATION_FORMAT = "dwarf-with-dsym";
				ENABLE_NS_ASSERTIONS = NO;
				ENABLE_STRICT_OBJC_MSGSEND = YES;
				ENABLE_USER_SCRIPT_SANDBOXING = YES;
				GCC_C_LANGUAGE_STANDARD = gnu17;
				GCC_NO_COMMON_BLOCKS = YES;
				GCC_WARN_64_TO_32_BIT_CONVERSION = YES;
				GCC_WARN_ABOUT_RETURN_TYPE = YES_ERROR;
				GCC_WARN_UNDECLARED_SELECTOR = YES;
				GCC_WARN_UNINITIALIZED_AUTOS = YES_AGGRESSIVE;
				GCC_WARN_UNUSED_FUNCTION = YES;
				GCC_WARN_UNUSED_VARIABLE = YES;
				IPHONEOS_DEPLOYMENT_TARGET = 17.2;
				LOCALIZATION_PREFERS_STRING_CATALOGS = YES;
				MTL_ENABLE_DEBUG_INFO = NO;
				MTL_FAST_MATH = YES;
				SDKROOT = iphoneos;
				SWIFT_COMPILATION_MODE = wholemodule;
				VALIDATE_PRODUCT = YES;
			};
			name = Release;
		};
		520D594A2B4EE26100BC005B /* Debug */ = {
			isa = XCBuildConfiguration;
			buildSettings = {
				ASSETCATALOG_COMPILER_APPICON_NAME = AppIcon;
				ASSETCATALOG_COMPILER_GLOBAL_ACCENT_COLOR_NAME = AccentColor;
				CODE_SIGN_STYLE = Automatic;
				CURRENT_PROJECT_VERSION = 1;
				GENERATE_INFOPLIST_FILE = YES;
				INFOPLIST_FILE = AutoLayout/Info.plist;
				INFOPLIST_KEY_UIApplicationSupportsIndirectInputEvents = YES;
				INFOPLIST_KEY_UILaunchStoryboardName = LaunchScreen;
				INFOPLIST_KEY_UIMainStoryboardFile = Main;
				INFOPLIST_KEY_UISupportedInterfaceOrientations_iPad = "UIInterfaceOrientationPortrait UIInterfaceOrientationPortraitUpsideDown UIInterfaceOrientationLandscapeLeft UIInterfaceOrientationLandscapeRight";
				INFOPLIST_KEY_UISupportedInterfaceOrientations_iPhone = "UIInterfaceOrientationPortrait UIInterfaceOrientationLandscapeLeft UIInterfaceOrientationLandscapeRight";
				LD_RUNPATH_SEARCH_PATHS = (
					"$(inherited)",
					"@executable_path/Frameworks",
				);
				MARKETING_VERSION = 1.0;
				PRODUCT_BUNDLE_IDENTIFIER = study.AutoLayout;
				PRODUCT_NAME = "$(TARGET_NAME)";
				SWIFT_EMIT_LOC_STRINGS = YES;
				SWIFT_VERSION = 5.0;
				TARGETED_DEVICE_FAMILY = "1,2";
			};
			name = Debug;
		};
		520D594B2B4EE26100BC005B /* Release */ = {
			isa = XCBuildConfiguration;
			buildSettings = {
				ASSETCATALOG_COMPILER_APPICON_NAME = AppIcon;
				ASSETCATALOG_COMPILER_GLOBAL_ACCENT_COLOR_NAME = AccentColor;
				CODE_SIGN_STYLE = Automatic;
				CURRENT_PROJECT_VERSION = 1;
				GENERATE_INFOPLIST_FILE = YES;
				INFOPLIST_FILE = AutoLayout/Info.plist;
				INFOPLIST_KEY_UIApplicationSupportsIndirectInputEvents = YES;
				INFOPLIST_KEY_UILaunchStoryboardName = LaunchScreen;
				INFOPLIST_KEY_UIMainStoryboardFile = Main;
				INFOPLIST_KEY_UISupportedInterfaceOrientations_iPad = "UIInterfaceOrientationPortrait UIInterfaceOrientationPortraitUpsideDown UIInterfaceOrientationLandscapeLeft UIInterfaceOrientationLandscapeRight";
				INFOPLIST_KEY_UISupportedInterfaceOrientations_iPhone = "UIInterfaceOrientationPortrait UIInterfaceOrientationLandscapeLeft UIInterfaceOrientationLandscapeRight";
				LD_RUNPATH_SEARCH_PATHS = (
					"$(inherited)",
					"@executable_path/Frameworks",
				);
				MARKETING_VERSION = 1.0;
				PRODUCT_BUNDLE_IDENTIFIER = study.AutoLayout;
				PRODUCT_NAME = "$(TARGET_NAME)";
				SWIFT_EMIT_LOC_STRINGS = YES;
				SWIFT_VERSION = 5.0;
				TARGETED_DEVICE_FAMILY = "1,2";
			};
			name = Release;
		};
		520D594D2B4EE26100BC005B /* Debug */ = {
			isa = XCBuildConfiguration;
			buildSettings = {
				ALWAYS_EMBED_SWIFT_STANDARD_LIBRARIES = YES;
				BUNDLE_LOADER = "$(TEST_HOST)";
				CODE_SIGN_STYLE = Automatic;
				CURRENT_PROJECT_VERSION = 1;
				GENERATE_INFOPLIST_FILE = YES;
				IPHONEOS_DEPLOYMENT_TARGET = 17.2;
				MARKETING_VERSION = 1.0;
				PRODUCT_BUNDLE_IDENTIFIER = study.AutoLayoutTests;
				PRODUCT_NAME = "$(TARGET_NAME)";
				SWIFT_EMIT_LOC_STRINGS = NO;
				SWIFT_VERSION = 5.0;
				TARGETED_DEVICE_FAMILY = "1,2";
				TEST_HOST = "$(BUILT_PRODUCTS_DIR)/AutoLayout.app/$(BUNDLE_EXECUTABLE_FOLDER_PATH)/AutoLayout";
			};
			name = Debug;
		};
		520D594E2B4EE26100BC005B /* Release */ = {
			isa = XCBuildConfiguration;
			buildSettings = {
				ALWAYS_EMBED_SWIFT_STANDARD_LIBRARIES = YES;
				BUNDLE_LOADER = "$(TEST_HOST)";
				CODE_SIGN_STYLE = Automatic;
				CURRENT_PROJECT_VERSION = 1;
				GENERATE_INFOPLIST_FILE = YES;
				IPHONEOS_DEPLOYMENT_TARGET = 17.2;
				MARKETING_VERSION = 1.0;
				PRODUCT_BUNDLE_IDENTIFIER = study.AutoLayoutTests;
				PRODUCT_NAME = "$(TARGET_NAME)";
				SWIFT_EMIT_LOC_STRINGS = NO;
				SWIFT_VERSION = 5.0;
				TARGETED_DEVICE_FAMILY = "1,2";
				TEST_HOST = "$(BUILT_PRODUCTS_DIR)/AutoLayout.app/$(BUNDLE_EXECUTABLE_FOLDER_PATH)/AutoLayout";
			};
			name = Release;
		};
		520D59502B4EE26100BC005B /* Debug */ = {
			isa = XCBuildConfiguration;
			buildSettings = {
				ALWAYS_EMBED_SWIFT_STANDARD_LIBRARIES = YES;
				CODE_SIGN_STYLE = Automatic;
				CURRENT_PROJECT_VERSION = 1;
				GENERATE_INFOPLIST_FILE = YES;
				MARKETING_VERSION = 1.0;
				PRODUCT_BUNDLE_IDENTIFIER = study.AutoLayoutUITests;
				PRODUCT_NAME = "$(TARGET_NAME)";
				SWIFT_EMIT_LOC_STRINGS = NO;
				SWIFT_VERSION = 5.0;
				TARGETED_DEVICE_FAMILY = "1,2";
				TEST_TARGET_NAME = AutoLayout;
			};
			name = Debug;
		};
		520D59512B4EE26100BC005B /* Release */ = {
			isa = XCBuildConfiguration;
			buildSettings = {
				ALWAYS_EMBED_SWIFT_STANDARD_LIBRARIES = YES;
				CODE_SIGN_STYLE = Automatic;
				CURRENT_PROJECT_VERSION = 1;
				GENERATE_INFOPLIST_FILE = YES;
				MARKETING_VERSION = 1.0;
				PRODUCT_BUNDLE_IDENTIFIER = study.AutoLayoutUITests;
				PRODUCT_NAME = "$(TARGET_NAME)";
				SWIFT_EMIT_LOC_STRINGS = NO;
				SWIFT_VERSION = 5.0;
				TARGETED_DEVICE_FAMILY = "1,2";
				TEST_TARGET_NAME = AutoLayout;
			};
			name = Release;
		};
/* End XCBuildConfiguration section */

/* Begin XCConfigurationList section */
		520D591A2B4EE25E00BC005B /* Build configuration list for PBXProject "AutoLayout" */ = {
			isa = XCConfigurationList;
			buildConfigurations = (
				520D59472B4EE26100BC005B /* Debug */,
				520D59482B4EE26100BC005B /* Release */,
			);
			defaultConfigurationIsVisible = 0;
			defaultConfigurationName = Release;
		};
		520D59492B4EE26100BC005B /* Build configuration list for PBXNativeTarget "AutoLayout" */ = {
			isa = XCConfigurationList;
			buildConfigurations = (
				520D594A2B4EE26100BC005B /* Debug */,
				520D594B2B4EE26100BC005B /* Release */,
			);
			defaultConfigurationIsVisible = 0;
			defaultConfigurationName = Release;
		};
		520D594C2B4EE26100BC005B /* Build configuration list for PBXNativeTarget "AutoLayoutTests" */ = {
			isa = XCConfigurationList;
			buildConfigurations = (
				520D594D2B4EE26100BC005B /* Debug */,
				520D594E2B4EE26100BC005B /* Release */,
			);
			defaultConfigurationIsVisible = 0;
			defaultConfigurationName = Release;
		};
		520D594F2B4EE26100BC005B /* Build configuration list for PBXNativeTarget "AutoLayoutUITests" */ = {
			isa = XCConfigurationList;
			buildConfigurations = (
				520D59502B4EE26100BC005B /* Debug */,
				520D59512B4EE26100BC005B /* Release */,
			);
			defaultConfigurationIsVisible = 0;
			defaultConfigurationName = Release;
		};
/* End XCConfigurationList section */
	};
	rootObject = 520D59172B4EE25E00BC005B /* Project object */;
}
